
Microsoft Visual Studio Solution File, Format Version 12.00
# Visual Studio 2012
Project("{FAE04EC0-301F-11D3-BF4B-00C04F79EFBC}") = "Subnet Calculator", "Subnet Calculator\Subnet Calculator.csproj", "{0B8B07AF-02CE-4900-A377-893B8106154B}"
EndProject
Global
	GlobalSection(SolutionConfigurationPlatforms) = preSolution
		Debug|Any CPU = Debug|Any CPU
		Release|Any CPU = Release|Any CPU
	EndGlobalSection
	GlobalSection(ProjectConfigurationPlatforms) = postSolution
		{0B8B07AF-02CE-4900-A377-893B8106154B}.Debug|Any CPU.ActiveCfg = Debug|Any CPU
		{0B8B07AF-02CE-4900-A377-893B8106154B}.Debug|Any CPU.Build.0 = Debug|Any CPU
		{0B8B07AF-02CE-4900-A377-893B8106154B}.Release|Any CPU.ActiveCfg = Release|Any CPU
		{0B8B07AF-02CE-4900-A377-893B8106154B}.Release|Any CPU.Build.0 = Release|Any CPU
	EndGlobalSection
	GlobalSection(SolutionProperties) = preSolution
		HideSolutionNode = FALSE
	EndGlobalSection
EndGlobal
